
Microsoft Visual Studio Solution File, Format Version 12.00
# Visual Studio Version 17
VisualStudioVersion = 17.4.33213.308
MinimumVisualStudioVersion = 10.0.40219.1
Project("{FAE04EC0-301F-11D3-BF4B-00C04F79EFBC}") = "Jurnal_Mod4_1302210094", "Jurnal_Mod4_1302210094.csproj", "{8BEBC9EC-E809-4F0A-ABF8-5CF4918E7429}"
EndProject
Global
	GlobalSection(SolutionConfigurationPlatforms) = preSolution
		Debug|Any CPU = Debug|Any CPU
		Release|Any CPU = Release|Any CPU
	EndGlobalSection
	GlobalSection(ProjectConfigurationPlatforms) = postSolution
		{8BEBC9EC-E809-4F0A-ABF8-5CF4918E7429}.Debug|Any CPU.ActiveCfg = Debug|Any CPU
		{8BEBC9EC-E809-4F0A-ABF8-5CF4918E7429}.Debug|Any CPU.Build.0 = Debug|Any CPU
		{8BEBC9EC-E809-4F0A-ABF8-5CF4918E7429}.Release|Any CPU.ActiveCfg = Release|Any CPU
		{8BEBC9EC-E809-4F0A-ABF8-5CF4918E7429}.Release|Any CPU.Build.0 = Release|Any CPU
	EndGlobalSection
	GlobalSection(SolutionProperties) = preSolution
		HideSolutionNode = FALSE
	EndGlobalSection
	GlobalSection(ExtensibilityGlobals) = postSolution
		SolutionGuid = {CE7B8B62-1BA3-4204-904F-AE73B1D4B651}
	EndGlobalSection
EndGlobal
